
Microsoft Visual Studio Solution File, Format Version 12.00
# Visual Studio 2013
VisualStudioVersion = 12.0.31101.0
MinimumVisualStudioVersion = 10.0.40219.1
Project("{FAE04EC0-301F-11D3-BF4B-00C04F79EFBC}") = "CSharpDay2", "CSharpDay2\CSharpDay2.csproj", "{A724B3F3-D4A5-4C54-A77D-DC43F7DB3DB7}"
EndProject
Global
	GlobalSection(SolutionConfigurationPlatforms) = preSolution
		Debug|Any CPU = Debug|Any CPU
		Release|Any CPU = Release|Any CPU
	EndGlobalSection
	GlobalSection(ProjectConfigurationPlatforms) = postSolution
		{A724B3F3-D4A5-4C54-A77D-DC43F7DB3DB7}.Debug|Any CPU.ActiveCfg = Debug|Any CPU
		{A724B3F3-D4A5-4C54-A77D-DC43F7DB3DB7}.Debug|Any CPU.Build.0 = Debug|Any CPU
		{A724B3F3-D4A5-4C54-A77D-DC43F7DB3DB7}.Release|Any CPU.ActiveCfg = Release|Any CPU
		{A724B3F3-D4A5-4C54-A77D-DC43F7DB3DB7}.Release|Any CPU.Build.0 = Release|Any CPU
	EndGlobalSection
	GlobalSection(SolutionProperties) = preSolution
		HideSolutionNode = FALSE
	EndGlobalSection
EndGlobal
