
Microsoft Visual Studio Solution File, Format Version 12.00
# Visual Studio 2013
VisualStudioVersion = 12.0.31101.0
MinimumVisualStudioVersion = 10.0.40219.1
Project("{FAE04EC0-301F-11D3-BF4B-00C04F79EFBC}") = "carProject", "carProject\carProject.csproj", "{4AB53093-772E-475E-8D52-6577F359A99D}"
EndProject
Global
	GlobalSection(TeamFoundationVersionControl) = preSolution
		SccNumberOfProjects = 2
		SccEnterpriseProvider = {4CA58AB2-18FA-4F8D-95D4-32DDF27D184C}
		SccTeamFoundationServer = https://tfs.codeplex.com/tfs/tfs17
		SccLocalPath0 = .
		SccProjectUniqueName1 = carProject\\carProject.csproj
		SccProjectName1 = carProject
		SccLocalPath1 = carProject
	EndGlobalSection
	GlobalSection(SolutionConfigurationPlatforms) = preSolution
		Debug|Any CPU = Debug|Any CPU
		Release|Any CPU = Release|Any CPU
	EndGlobalSection
	GlobalSection(ProjectConfigurationPlatforms) = postSolution
		{4AB53093-772E-475E-8D52-6577F359A99D}.Debug|Any CPU.ActiveCfg = Debug|Any CPU
		{4AB53093-772E-475E-8D52-6577F359A99D}.Debug|Any CPU.Build.0 = Debug|Any CPU
		{4AB53093-772E-475E-8D52-6577F359A99D}.Release|Any CPU.ActiveCfg = Release|Any CPU
		{4AB53093-772E-475E-8D52-6577F359A99D}.Release|Any CPU.Build.0 = Release|Any CPU
	EndGlobalSection
	GlobalSection(SolutionProperties) = preSolution
		HideSolutionNode = FALSE
	EndGlobalSection
EndGlobal
