
Microsoft Visual Studio Solution File, Format Version 12.00
# Visual Studio 2013
VisualStudioVersion = 12.0.31101.0
MinimumVisualStudioVersion = 10.0.40219.1
Project("{FAE04EC0-301F-11D3-BF4B-00C04F79EFBC}") = "1.7.2015InClassEF", "1.7.2015InClassEF\1.7.2015InClassEF.csproj", "{1A8FA601-BD78-4CD8-8C8F-55E1E0FE7676}"
EndProject
Project("{FAE04EC0-301F-11D3-BF4B-00C04F79EFBC}") = "1.7.2015InClassEF.Data", "1.7.2015InClassEF.Data\1.7.2015InClassEF.Data.csproj", "{6E04048E-657B-4C29-BA17-142A5D9DB813}"
EndProject
Project("{FAE04EC0-301F-11D3-BF4B-00C04F79EFBC}") = "1.7.2015InClassEF.Data.Model", "1.7.2015InClassEF.Data.Model\1.7.2015InClassEF.Data.Model.csproj", "{F129732F-F150-4B3F-B5B5-AF618B7F0D4F}"
EndProject
Global
	GlobalSection(SolutionConfigurationPlatforms) = preSolution
		Debug|Any CPU = Debug|Any CPU
		Release|Any CPU = Release|Any CPU
	EndGlobalSection
	GlobalSection(ProjectConfigurationPlatforms) = postSolution
		{1A8FA601-BD78-4CD8-8C8F-55E1E0FE7676}.Debug|Any CPU.ActiveCfg = Debug|Any CPU
		{1A8FA601-BD78-4CD8-8C8F-55E1E0FE7676}.Debug|Any CPU.Build.0 = Debug|Any CPU
		{1A8FA601-BD78-4CD8-8C8F-55E1E0FE7676}.Release|Any CPU.ActiveCfg = Release|Any CPU
		{1A8FA601-BD78-4CD8-8C8F-55E1E0FE7676}.Release|Any CPU.Build.0 = Release|Any CPU
		{6E04048E-657B-4C29-BA17-142A5D9DB813}.Debug|Any CPU.ActiveCfg = Debug|Any CPU
		{6E04048E-657B-4C29-BA17-142A5D9DB813}.Debug|Any CPU.Build.0 = Debug|Any CPU
		{6E04048E-657B-4C29-BA17-142A5D9DB813}.Release|Any CPU.ActiveCfg = Release|Any CPU
		{6E04048E-657B-4C29-BA17-142A5D9DB813}.Release|Any CPU.Build.0 = Release|Any CPU
		{F129732F-F150-4B3F-B5B5-AF618B7F0D4F}.Debug|Any CPU.ActiveCfg = Debug|Any CPU
		{F129732F-F150-4B3F-B5B5-AF618B7F0D4F}.Debug|Any CPU.Build.0 = Debug|Any CPU
		{F129732F-F150-4B3F-B5B5-AF618B7F0D4F}.Release|Any CPU.ActiveCfg = Release|Any CPU
		{F129732F-F150-4B3F-B5B5-AF618B7F0D4F}.Release|Any CPU.Build.0 = Release|Any CPU
	EndGlobalSection
	GlobalSection(SolutionProperties) = preSolution
		HideSolutionNode = FALSE
	EndGlobalSection
EndGlobal
